// !$*UTF8*$!
{
	archiveVersion = 1;
	classes = {
	};
	objectVersion = 46;
	objects = {

/* Begin PBXBuildFile section */
		4D6078D41BF0A70C0080BFBB /* popup.storyboard in Resources */ = {isa = PBXBuildFile; fileRef = 4D6078D31BF0A70C0080BFBB /* popup.storyboard */; };
		4D6078D61BF0A7650080BFBB /* popup2.swift in Sources */ = {isa = PBXBuildFile; fileRef = 4D6078D51BF0A7650080BFBB /* popup2.swift */; };
		4D6CE16A1BF098130023F685 /* popup.swift in Sources */ = {isa = PBXBuildFile; fileRef = 4D6CE1681BF098130023F685 /* popup.swift */; };
		4D6CE16B1BF098130023F685 /* popup.xib in Resources */ = {isa = PBXBuildFile; fileRef = 4D6CE1691BF098130023F685 /* popup.xib */; };
		4D9E06401BC72AD1009B1499 /* AppDelegate.swift in Sources */ = {isa = PBXBuildFile; fileRef = 4D9E063F1BC72AD1009B1499 /* AppDelegate.swift */; };
		4D9E06421BC72AD1009B1499 /* ViewController.swift in Sources */ = {isa = PBXBuildFile; fileRef = 4D9E06411BC72AD1009B1499 /* ViewController.swift */; };
		4D9E06451BC72AD1009B1499 /* Main.storyboard in Resources */ = {isa = PBXBuildFile; fileRef = 4D9E06431BC72AD1009B1499 /* Main.storyboard */; };
		4D9E06471BC72AD1009B1499 /* Assets.xcassets in Resources */ = {isa = PBXBuildFile; fileRef = 4D9E06461BC72AD1009B1499 /* Assets.xcassets */; };
		4D9E064A1BC72AD1009B1499 /* LaunchScreen.storyboard in Resources */ = {isa = PBXBuildFile; fileRef = 4D9E06481BC72AD1009B1499 /* LaunchScreen.storyboard */; };
		4D9E06551BC72AD1009B1499 /* swift_bridgeTests.swift in Sources */ = {isa = PBXBuildFile; fileRef = 4D9E06541BC72AD1009B1499 /* swift_bridgeTests.swift */; };
		4D9E06601BC72AD2009B1499 /* swift_bridgeUITests.swift in Sources */ = {isa = PBXBuildFile; fileRef = 4D9E065F1BC72AD2009B1499 /* swift_bridgeUITests.swift */; };
		4D9E066E1BC73402009B1499 /* html in Resources */ = {isa = PBXBuildFile; fileRef = 4D9E066D1BC73402009B1499 /* html */; };
		4DDD90FE1BCF591300D4CB8B /* my_functions.swift in Sources */ = {isa = PBXBuildFile; fileRef = 4DDD90FD1BCF591300D4CB8B /* my_functions.swift */; };
/* End PBXBuildFile section */

/* Begin PBXContainerItemProxy section */
		4D9E06511BC72AD1009B1499 /* PBXContainerItemProxy */ = {
			isa = PBXContainerItemProxy;
			containerPortal = 4D9E06341BC72AD1009B1499 /* Project object */;
			proxyType = 1;
			remoteGlobalIDString = 4D9E063B1BC72AD1009B1499;
			remoteInfo = swift_bridge;
		};
		4D9E065C1BC72AD2009B1499 /* PBXContainerItemProxy */ = {
			isa = PBXContainerItemProxy;
			containerPortal = 4D9E06341BC72AD1009B1499 /* Project object */;
			proxyType = 1;
			remoteGlobalIDString = 4D9E063B1BC72AD1009B1499;
			remoteInfo = swift_bridge;
		};
/* End PBXContainerItemProxy section */

/* Begin PBXFileReference section */
		4D6078D31BF0A70C0080BFBB /* popup.storyboard */ = {isa = PBXFileReference; fileEncoding = 4; lastKnownFileType = file.storyboard; path = popup.storyboard; sourceTree = "<group>"; };
		4D6078D51BF0A7650080BFBB /* popup2.swift */ = {isa = PBXFileReference; fileEncoding = 4; lastKnownFileType = sourcecode.swift; path = popup2.swift; sourceTree = "<group>"; };
		4D6CE1681BF098130023F685 /* popup.swift */ = {isa = PBXFileReference; fileEncoding = 4; lastKnownFileType = sourcecode.swift; path = popup.swift; sourceTree = "<group>"; };
		4D6CE1691BF098130023F685 /* popup.xib */ = {isa = PBXFileReference; fileEncoding = 4; lastKnownFileType = file.xib; path = popup.xib; sourceTree = "<group>"; };
		4D9E063C1BC72AD1009B1499 /* sw_bridge.app */ = {isa = PBXFileReference; explicitFileType = wrapper.application; includeInIndex = 0; path = sw_bridge.app; sourceTree = BUILT_PRODUCTS_DIR; };
		4D9E063F1BC72AD1009B1499 /* AppDelegate.swift */ = {isa = PBXFileReference; lastKnownFileType = sourcecode.swift; path = AppDelegate.swift; sourceTree = "<group>"; };
		4D9E06411BC72AD1009B1499 /* ViewController.swift */ = {isa = PBXFileReference; lastKnownFileType = sourcecode.swift; path = ViewController.swift; sourceTree = "<group>"; };
		4D9E06441BC72AD1009B1499 /* Base */ = {isa = PBXFileReference; lastKnownFileType = file.storyboard; name = Base; path = Base.lproj/Main.storyboard; sourceTree = "<group>"; };
		4D9E06461BC72AD1009B1499 /* Assets.xcassets */ = {isa = PBXFileReference; lastKnownFileType = folder.assetcatalog; path = Assets.xcassets; sourceTree = "<group>"; };
		4D9E06491BC72AD1009B1499 /* Base */ = {isa = PBXFileReference; lastKnownFileType = file.storyboard; name = Base; path = Base.lproj/LaunchScreen.storyboard; sourceTree = "<group>"; };
		4D9E064B1BC72AD1009B1499 /* Info.plist */ = {isa = PBXFileReference; lastKnownFileType = text.plist.xml; path = Info.plist; sourceTree = "<group>"; };
		4D9E06501BC72AD1009B1499 /* bridging.xctest */ = {isa = PBXFileReference; explicitFileType = wrapper.cfbundle; includeInIndex = 0; path = bridging.xctest; sourceTree = BUILT_PRODUCTS_DIR; };
		4D9E06541BC72AD1009B1499 /* swift_bridgeTests.swift */ = {isa = PBXFileReference; lastKnownFileType = sourcecode.swift; path = swift_bridgeTests.swift; sourceTree = "<group>"; };
		4D9E06561BC72AD1009B1499 /* Info.plist */ = {isa = PBXFileReference; lastKnownFileType = text.plist.xml; path = Info.plist; sourceTree = "<group>"; };
		4D9E065B1BC72AD2009B1499 /* bridging.xctest */ = {isa = PBXFileReference; explicitFileType = wrapper.cfbundle; includeInIndex = 0; path = bridging.xctest; sourceTree = BUILT_PRODUCTS_DIR; };
		4D9E065F1BC72AD2009B1499 /* swift_bridgeUITests.swift */ = {isa = PBXFileReference; lastKnownFileType = sourcecode.swift; path = swift_bridgeUITests.swift; sourceTree = "<group>"; };
		4D9E06611BC72AD2009B1499 /* Info.plist */ = {isa = PBXFileReference; lastKnownFileType = text.plist.xml; path = Info.plist; sourceTree = "<group>"; };
		4D9E066D1BC73402009B1499 /* html */ = {isa = PBXFileReference; lastKnownFileType = folder; path = html; sourceTree = "<group>"; };
		4DDD90FD1BCF591300D4CB8B /* my_functions.swift */ = {isa = PBXFileReference; fileEncoding = 4; lastKnownFileType = sourcecode.swift; path = my_functions.swift; sourceTree = "<group>"; };
/* End PBXFileReference section */

/* Begin PBXFrameworksBuildPhase section */
		4D9E06391BC72AD1009B1499 /* Frameworks */ = {
			isa = PBXFrameworksBuildPhase;
			buildActionMask = 2147483647;
			files = (
			);
			runOnlyForDeploymentPostprocessing = 0;
		};
		4D9E064D1BC72AD1009B1499 /* Frameworks */ = {
			isa = PBXFrameworksBuildPhase;
			buildActionMask = 2147483647;
			files = (
			);
			runOnlyForDeploymentPostprocessing = 0;
		};
		4D9E06581BC72AD1009B1499 /* Frameworks */ = {
			isa = PBXFrameworksBuildPhase;
			buildActionMask = 2147483647;
			files = (
			);
			runOnlyForDeploymentPostprocessing = 0;
		};
/* End PBXFrameworksBuildPhase section */

/* Begin PBXGroup section */
		4D6CE1671BF098130023F685 /* popup */ = {
			isa = PBXGroup;
			children = (
				4D6CE1681BF098130023F685 /* popup.swift */,
				4D6CE1691BF098130023F685 /* popup.xib */,
			);
			path = popup;
			sourceTree = "<group>";
		};
		4D9E06331BC72AD1009B1499 = {
			isa = PBXGroup;
			children = (
				4D6078D31BF0A70C0080BFBB /* popup.storyboard */,
				4D6078D51BF0A7650080BFBB /* popup2.swift */,
				4D6CE1671BF098130023F685 /* popup */,
				4D9E066D1BC73402009B1499 /* html */,
				4D9E063E1BC72AD1009B1499 /* bridecode */,
				4D9E06531BC72AD1009B1499 /* swift_bridgeTests */,
				4D9E065E1BC72AD2009B1499 /* swift_bridgeUITests */,
				4D9E063D1BC72AD1009B1499 /* Products */,
			);
			sourceTree = "<group>";
		};
		4D9E063D1BC72AD1009B1499 /* Products */ = {
			isa = PBXGroup;
			children = (
				4D9E063C1BC72AD1009B1499 /* sw_bridge.app */,
				4D9E06501BC72AD1009B1499 /* bridging.xctest */,
				4D9E065B1BC72AD2009B1499 /* bridging.xctest */,
			);
			name = Products;
			sourceTree = "<group>";
		};
		4D9E063E1BC72AD1009B1499 /* bridecode */ = {
			isa = PBXGroup;
			children = (
				4D9E063F1BC72AD1009B1499 /* AppDelegate.swift */,
				4D9E06411BC72AD1009B1499 /* ViewController.swift */,
				4DDD90FD1BCF591300D4CB8B /* my_functions.swift */,
				4D9E06431BC72AD1009B1499 /* Main.storyboard */,
				4D9E06461BC72AD1009B1499 /* Assets.xcassets */,
				4D9E06481BC72AD1009B1499 /* LaunchScreen.storyboard */,
				4D9E064B1BC72AD1009B1499 /* Info.plist */,
			);
			name = bridecode;
			path = bridge;
			sourceTree = "<group>";
		};
		4D9E06531BC72AD1009B1499 /* swift_bridgeTests */ = {
			isa = PBXGroup;
			children = (
				4D9E06541BC72AD1009B1499 /* swift_bridgeTests.swift */,
				4D9E06561BC72AD1009B1499 /* Info.plist */,
			);
			path = swift_bridgeTests;
			sourceTree = "<group>";
		};
		4D9E065E1BC72AD2009B1499 /* swift_bridgeUITests */ = {
			isa = PBXGroup;
			children = (
				4D9E065F1BC72AD2009B1499 /* swift_bridgeUITests.swift */,
				4D9E06611BC72AD2009B1499 /* Info.plist */,
			);
			path = swift_bridgeUITests;
			sourceTree = "<group>";
		};
/* End PBXGroup section */

/* Begin PBXNativeTarget section */
		4D9E063B1BC72AD1009B1499 /* bridging */ = {
			isa = PBXNativeTarget;
			buildConfigurationList = 4D9E06641BC72AD2009B1499 /* Build configuration list for PBXNativeTarget "bridging" */;
			buildPhases = (
				4D9E06381BC72AD1009B1499 /* Sources */,
				4D9E06391BC72AD1009B1499 /* Frameworks */,
				4D9E063A1BC72AD1009B1499 /* Resources */,
			);
			buildRules = (
			);
			dependencies = (
			);
			name = bridging;
			productName = swift_bridge;
			productReference = 4D9E063C1BC72AD1009B1499 /* sw_bridge.app */;
			productType = "com.apple.product-type.application";
		};
		4D9E064F1BC72AD1009B1499 /* bridgingTests */ = {
			isa = PBXNativeTarget;
			buildConfigurationList = 4D9E06671BC72AD2009B1499 /* Build configuration list for PBXNativeTarget "bridgingTests" */;
			buildPhases = (
				4D9E064C1BC72AD1009B1499 /* Sources */,
				4D9E064D1BC72AD1009B1499 /* Frameworks */,
				4D9E064E1BC72AD1009B1499 /* Resources */,
			);
			buildRules = (
			);
			dependencies = (
				4D9E06521BC72AD1009B1499 /* PBXTargetDependency */,
			);
			name = bridgingTests;
			productName = swift_bridgeTests;
			productReference = 4D9E06501BC72AD1009B1499 /* bridging.xctest */;
			productType = "com.apple.product-type.bundle.unit-test";
		};
		4D9E065A1BC72AD1009B1499 /* bridgingUITests */ = {
			isa = PBXNativeTarget;
			buildConfigurationList = 4D9E066A1BC72AD2009B1499 /* Build configuration list for PBXNativeTarget "bridgingUITests" */;
			buildPhases = (
				4D9E06571BC72AD1009B1499 /* Sources */,
				4D9E06581BC72AD1009B1499 /* Frameworks */,
				4D9E06591BC72AD1009B1499 /* Resources */,
			);
			buildRules = (
			);
			dependencies = (
				4D9E065D1BC72AD2009B1499 /* PBXTargetDependency */,
			);
			name = bridgingUITests;
			productName = swift_bridgeUITests;
			productReference = 4D9E065B1BC72AD2009B1499 /* bridging.xctest */;
			productType = "com.apple.product-type.bundle.ui-testing";
		};
/* End PBXNativeTarget section */

/* Begin PBXProject section */
		4D9E06341BC72AD1009B1499 /* Project object */ = {
			isa = PBXProject;
			attributes = {
				LastUpgradeCheck = 0700;
				ORGANIZATIONNAME = intcloud;
				TargetAttributes = {
					4D9E063B1BC72AD1009B1499 = {
						CreatedOnToolsVersion = 7.0.1;
						DevelopmentTeam = VTRUVT3ZRQ;
					};
					4D9E064F1BC72AD1009B1499 = {
						CreatedOnToolsVersion = 7.0.1;
						TestTargetID = 4D9E063B1BC72AD1009B1499;
					};
					4D9E065A1BC72AD1009B1499 = {
						CreatedOnToolsVersion = 7.0.1;
						TestTargetID = 4D9E063B1BC72AD1009B1499;
					};
				};
			};
			buildConfigurationList = 4D9E06371BC72AD1009B1499 /* Build configuration list for PBXProject "bridging" */;
			compatibilityVersion = "Xcode 3.2";
			developmentRegion = English;
			hasScannedForEncodings = 0;
			knownRegions = (
				en,
				Base,
			);
			mainGroup = 4D9E06331BC72AD1009B1499;
			productRefGroup = 4D9E063D1BC72AD1009B1499 /* Products */;
			projectDirPath = "";
			projectRoot = "";
			targets = (
				4D9E063B1BC72AD1009B1499 /* bridging */,
				4D9E064F1BC72AD1009B1499 /* bridgingTests */,
				4D9E065A1BC72AD1009B1499 /* bridgingUITests */,
			);
		};
/* End PBXProject section */

/* Begin PBXResourcesBuildPhase section */
		4D9E063A1BC72AD1009B1499 /* Resources */ = {
			isa = PBXResourcesBuildPhase;
			buildActionMask = 2147483647;
			files = (
				4D9E064A1BC72AD1009B1499 /* LaunchScreen.storyboard in Resources */,
				4D6078D41BF0A70C0080BFBB /* popup.storyboard in Resources */,
				4D6CE16B1BF098130023F685 /* popup.xib in Resources */,
				4D9E066E1BC73402009B1499 /* html in Resources */,
				4D9E06471BC72AD1009B1499 /* Assets.xcassets in Resources */,
				4D9E06451BC72AD1009B1499 /* Main.storyboard in Resources */,
			);
			runOnlyForDeploymentPostprocessing = 0;
		};
		4D9E064E1BC72AD1009B1499 /* Resources */ = {
			isa = PBXResourcesBuildPhase;
			buildActionMask = 2147483647;
			files = (
			);
			runOnlyForDeploymentPostprocessing = 0;
		};
		4D9E06591BC72AD1009B1499 /* Resources */ = {
			isa = PBXResourcesBuildPhase;
			buildActionMask = 2147483647;
			files = (
			);
			runOnlyForDeploymentPostprocessing = 0;
		};
/* End PBXResourcesBuildPhase section */

/* Begin PBXSourcesBuildPhase section */
		4D9E06381BC72AD1009B1499 /* Sources */ = {
			isa = PBXSourcesBuildPhase;
			buildActionMask = 2147483647;
			files = (
				4D9E06421BC72AD1009B1499 /* ViewController.swift in Sources */,
				4DDD90FE1BCF591300D4CB8B /* my_functions.swift in Sources */,
				4D6CE16A1BF098130023F685 /* popup.swift in Sources */,
				4D6078D61BF0A7650080BFBB /* popup2.swift in Sources */,
				4D9E06401BC72AD1009B1499 /* AppDelegate.swift in Sources */,
			);
			runOnlyForDeploymentPostprocessing = 0;
		};
		4D9E064C1BC72AD1009B1499 /* Sources */ = {
			isa = PBXSourcesBuildPhase;
			buildActionMask = 2147483647;
			files = (
				4D9E06551BC72AD1009B1499 /* swift_bridgeTests.swift in Sources */,
			);
			runOnlyForDeploymentPostprocessing = 0;
		};
		4D9E06571BC72AD1009B1499 /* Sources */ = {
			isa = PBXSourcesBuildPhase;
			buildActionMask = 2147483647;
			files = (
				4D9E06601BC72AD2009B1499 /* swift_bridgeUITests.swift in Sources */,
			);
			runOnlyForDeploymentPostprocessing = 0;
		};
/* End PBXSourcesBuildPhase section */

/* Begin PBXTargetDependency section */
		4D9E06521BC72AD1009B1499 /* PBXTargetDependency */ = {
			isa = PBXTargetDependency;
			target = 4D9E063B1BC72AD1009B1499 /* bridging */;
			targetProxy = 4D9E06511BC72AD1009B1499 /* PBXContainerItemProxy */;
		};
		4D9E065D1BC72AD2009B1499 /* PBXTargetDependency */ = {
			isa = PBXTargetDependency;
			target = 4D9E063B1BC72AD1009B1499 /* bridging */;
			targetProxy = 4D9E065C1BC72AD2009B1499 /* PBXContainerItemProxy */;
		};
/* End PBXTargetDependency section */

/* Begin PBXVariantGroup section */
		4D9E06431BC72AD1009B1499 /* Main.storyboard */ = {
			isa = PBXVariantGroup;
			children = (
				4D9E06441BC72AD1009B1499 /* Base */,
			);
			name = Main.storyboard;
			sourceTree = "<group>";
		};
		4D9E06481BC72AD1009B1499 /* LaunchScreen.storyboard */ = {
			isa = PBXVariantGroup;
			children = (
				4D9E06491BC72AD1009B1499 /* Base */,
			);
			name = LaunchScreen.storyboard;
			sourceTree = "<group>";
		};
/* End PBXVariantGroup section */

/* Begin XCBuildConfiguration section */
		4D9E06621BC72AD2009B1499 /* Debug */ = {
			isa = XCBuildConfiguration;
			buildSettings = {
				ALWAYS_SEARCH_USER_PATHS = NO;
				CLANG_CXX_LANGUAGE_STANDARD = "gnu++0x";
				CLANG_CXX_LIBRARY = "libc++";
				CLANG_ENABLE_MODULES = YES;
				CLANG_ENABLE_OBJC_ARC = YES;
				CLANG_WARN_BOOL_CONVERSION = YES;
				CLANG_WARN_CONSTANT_CONVERSION = YES;
				CLANG_WARN_DIRECT_OBJC_ISA_USAGE = YES_ERROR;
				CLANG_WARN_EMPTY_BODY = YES;
				CLANG_WARN_ENUM_CONVERSION = YES;
				CLANG_WARN_INT_CONVERSION = YES;
				CLANG_WARN_OBJC_ROOT_CLASS = YES_ERROR;
				CLANG_WARN_UNREACHABLE_CODE = YES;
				CLANG_WARN__DUPLICATE_METHOD_MATCH = YES;
				"CODE_SIGN_IDENTITY[sdk=iphoneos*]" = "iPhone Developer";
				COPY_PHASE_STRIP = NO;
				DEBUG_INFORMATION_FORMAT = dwarf;
				ENABLE_STRICT_OBJC_MSGSEND = YES;
				ENABLE_TESTABILITY = YES;
				GCC_C_LANGUAGE_STANDARD = gnu99;
				GCC_DYNAMIC_NO_PIC = NO;
				GCC_NO_COMMON_BLOCKS = YES;
				GCC_OPTIMIZATION_LEVEL = 0;
				GCC_PREPROCESSOR_DEFINITIONS = (
					"DEBUG=1",
					"$(inherited)",
				);
				GCC_WARN_64_TO_32_BIT_CONVERSION = YES;
				GCC_WARN_ABOUT_RETURN_TYPE = YES_ERROR;
				GCC_WARN_UNDECLARED_SELECTOR = YES;
				GCC_WARN_UNINITIALIZED_AUTOS = YES_AGGRESSIVE;
				GCC_WARN_UNUSED_FUNCTION = YES;
				GCC_WARN_UNUSED_VARIABLE = YES;
				IPHONEOS_DEPLOYMENT_TARGET = 9.0;
				MTL_ENABLE_DEBUG_INFO = YES;
				ONLY_ACTIVE_ARCH = YES;
				SDKROOT = iphoneos;
				SWIFT_OPTIMIZATION_LEVEL = "-Onone";
				TARGETED_DEVICE_FAMILY = "1,2";
			};
			name = Debug;
		};
		4D9E06631BC72AD2009B1499 /* Release */ = {
			isa = XCBuildConfiguration;
			buildSettings = {
				ALWAYS_SEARCH_USER_PATHS = NO;
				CLANG_CXX_LANGUAGE_STANDARD = "gnu++0x";
				CLANG_CXX_LIBRARY = "libc++";
				CLANG_ENABLE_MODULES = YES;
				CLANG_ENABLE_OBJC_ARC = YES;
				CLANG_WARN_BOOL_CONVERSION = YES;
				CLANG_WARN_CONSTANT_CONVERSION = YES;
				CLANG_WARN_DIRECT_OBJC_ISA_USAGE = YES_ERROR;
				CLANG_WARN_EMPTY_BODY = YES;
				CLANG_WARN_ENUM_CONVERSION = YES;
				CLANG_WARN_INT_CONVERSION = YES;
				CLANG_WARN_OBJC_ROOT_CLASS = YES_ERROR;
				CLANG_WARN_UNREACHABLE_CODE = YES;
				CLANG_WARN__DUPLICATE_METHOD_MATCH = YES;
				"CODE_SIGN_IDENTITY[sdk=iphoneos*]" = "iPhone Developer";
				COPY_PHASE_STRIP = NO;
				DEBUG_INFORMATION_FORMAT = "dwarf-with-dsym";
				ENABLE_NS_ASSERTIONS = NO;
				ENABLE_STRICT_OBJC_MSGSEND = YES;
				GCC_C_LANGUAGE_STANDARD = gnu99;
				GCC_NO_COMMON_BLOCKS = YES;
				GCC_WARN_64_TO_32_BIT_CONVERSION = YES;
				GCC_WARN_ABOUT_RETURN_TYPE = YES_ERROR;
				GCC_WARN_UNDECLARED_SELECTOR = YES;
				GCC_WARN_UNINITIALIZED_AUTOS = YES_AGGRESSIVE;
				GCC_WARN_UNUSED_FUNCTION = YES;
				GCC_WARN_UNUSED_VARIABLE = YES;
				IPHONEOS_DEPLOYMENT_TARGET = 9.0;
				MTL_ENABLE_DEBUG_INFO = NO;
				SDKROOT = iphoneos;
				TARGETED_DEVICE_FAMILY = "1,2";
				VALIDATE_PRODUCT = YES;
			};
			name = Release;
		};
		4D9E06651BC72AD2009B1499 /* Debug */ = {
			isa = XCBuildConfiguration;
			buildSettings = {
				CODE_SIGN_IDENTITY = "iPhone Developer";
				INFOPLIST_FILE = "$(SRCROOT)/bridge/Info.plist";
				IPHONEOS_DEPLOYMENT_TARGET = 8.0;
				LD_RUNPATH_SEARCH_PATHS = "$(inherited) @executable_path/Frameworks";
				PRODUCT_BUNDLE_IDENTIFIER = "sw-brige";
				PRODUCT_NAME = sw_bridge;
				TARGETED_DEVICE_FAMILY = 1;
			};
			name = Debug;
		};
		4D9E06661BC72AD2009B1499 /* Release */ = {
			isa = XCBuildConfiguration;
			buildSettings = {
				CODE_SIGN_IDENTITY = "iPhone Developer";
				INFOPLIST_FILE = "$(SRCROOT)/bridge/Info.plist";
				IPHONEOS_DEPLOYMENT_TARGET = 8.0;
				LD_RUNPATH_SEARCH_PATHS = "$(inherited) @executable_path/Frameworks";
				PRODUCT_BUNDLE_IDENTIFIER = "sw-brige";
				PRODUCT_NAME = sw_bridge;
				TARGETED_DEVICE_FAMILY = 1;
			};
			name = Release;
		};
		4D9E06681BC72AD2009B1499 /* Debug */ = {
			isa = XCBuildConfiguration;
			buildSettings = {
				BUNDLE_LOADER = "$(TEST_HOST)";
				INFOPLIST_FILE = swift_bridgeTests/Info.plist;
				LD_RUNPATH_SEARCH_PATHS = "$(inherited) @executable_path/Frameworks @loader_path/Frameworks";
				PRODUCT_BUNDLE_IDENTIFIER = "Intcloud.swift-bridgeTests";
				PRODUCT_NAME = bridging;
				TEST_HOST = "$(BUILT_PRODUCTS_DIR)/bridging.app/bridging";
			};
			name = Debug;
		};
		4D9E06691BC72AD2009B1499 /* Release */ = {
			isa = XCBuildConfiguration;
			buildSettings = {
				BUNDLE_LOADER = "$(TEST_HOST)";
				INFOPLIST_FILE = swift_bridgeTests/Info.plist;
				LD_RUNPATH_SEARCH_PATHS = "$(inherited) @executable_path/Frameworks @loader_path/Frameworks";
				PRODUCT_BUNDLE_IDENTIFIER = "Intcloud.swift-bridgeTests";
				PRODUCT_NAME = bridging;
				TEST_HOST = "$(BUILT_PRODUCTS_DIR)/bridging.app/bridging";
			};
			name = Release;
		};
		4D9E066B1BC72AD2009B1499 /* Debug */ = {
			isa = XCBuildConfiguration;
			buildSettings = {
				INFOPLIST_FILE = swift_bridgeUITests/Info.plist;
				LD_RUNPATH_SEARCH_PATHS = "$(inherited) @executable_path/Frameworks @loader_path/Frameworks";
				PRODUCT_BUNDLE_IDENTIFIER = "Intcloud.swift-bridgeUITests";
				PRODUCT_NAME = bridging;
				TEST_TARGET_NAME = swift_bridge;
				USES_XCTRUNNER = YES;
			};
			name = Debug;
		};
		4D9E066C1BC72AD2009B1499 /* Release */ = {
			isa = XCBuildConfiguration;
			buildSettings = {
				INFOPLIST_FILE = swift_bridgeUITests/Info.plist;
				LD_RUNPATH_SEARCH_PATHS = "$(inherited) @executable_path/Frameworks @loader_path/Frameworks";
				PRODUCT_BUNDLE_IDENTIFIER = "Intcloud.swift-bridgeUITests";
				PRODUCT_NAME = bridging;
				TEST_TARGET_NAME = swift_bridge;
				USES_XCTRUNNER = YES;
			};
			name = Release;
		};
/* End XCBuildConfiguration section */

/* Begin XCConfigurationList section */
		4D9E06371BC72AD1009B1499 /* Build configuration list for PBXProject "bridging" */ = {
			isa = XCConfigurationList;
			buildConfigurations = (
				4D9E06621BC72AD2009B1499 /* Debug */,
				4D9E06631BC72AD2009B1499 /* Release */,
			);
			defaultConfigurationIsVisible = 0;
			defaultConfigurationName = Release;
		};
		4D9E06641BC72AD2009B1499 /* Build configuration list for PBXNativeTarget "bridging" */ = {
			isa = XCConfigurationList;
			buildConfigurations = (
				4D9E06651BC72AD2009B1499 /* Debug */,
				4D9E06661BC72AD2009B1499 /* Release */,
			);
			defaultConfigurationIsVisible = 0;
			defaultConfigurationName = Release;
		};
		4D9E06671BC72AD2009B1499 /* Build configuration list for PBXNativeTarget "bridgingTests" */ = {
			isa = XCConfigurationList;
			buildConfigurations = (
				4D9E06681BC72AD2009B1499 /* Debug */,
				4D9E06691BC72AD2009B1499 /* Release */,
			);
			defaultConfigurationIsVisible = 0;
			defaultConfigurationName = Release;
		};
		4D9E066A1BC72AD2009B1499 /* Build configuration list for PBXNativeTarget "bridgingUITests" */ = {
			isa = XCConfigurationList;
			buildConfigurations = (
				4D9E066B1BC72AD2009B1499 /* Debug */,
				4D9E066C1BC72AD2009B1499 /* Release */,
			);
			defaultConfigurationIsVisible = 0;
			defaultConfigurationName = Release;
		};
/* End XCConfigurationList section */
	};
	rootObject = 4D9E06341BC72AD1009B1499 /* Project object */;
}
